// !$*UTF8*$!
{
	archiveVersion = 1;
	classes = {
	};
	objectVersion = 55;
	objects = {

/* Begin PBXBuildFile section */
		02DA4F63269435890083052D /* SwiftUIBaseCategoryApp.swift in Sources */ = {isa = PBXBuildFile; fileRef = 02DA4F62269435890083052D /* SwiftUIBaseCategoryApp.swift */; };
		02DA4F65269435890083052D /* ContentView.swift in Sources */ = {isa = PBXBuildFile; fileRef = 02DA4F64269435890083052D /* ContentView.swift */; };
		02DA4F672694358A0083052D /* Assets.xcassets in Resources */ = {isa = PBXBuildFile; fileRef = 02DA4F662694358A0083052D /* Assets.xcassets */; };
		02DA4F6A2694358A0083052D /* Preview Assets.xcassets in Resources */ = {isa = PBXBuildFile; fileRef = 02DA4F692694358A0083052D /* Preview Assets.xcassets */; };
		02DA4F72269435CD0083052D /* Color_extension.swift in Sources */ = {isa = PBXBuildFile; fileRef = 02DA4F71269435CD0083052D /* Color_extension.swift */; };
		02DA4F7826943C180083052D /* Macro_base.swift in Sources */ = {isa = PBXBuildFile; fileRef = 02DA4F7726943C180083052D /* Macro_base.swift */; };
		02DA4F7A26943EAF0083052D /* View_extension.swift in Sources */ = {isa = PBXBuildFile; fileRef = 02DA4F7926943EAF0083052D /* View_extension.swift */; };
		02DA4F7D26943F8E0083052D /* YFAutoSizingTF.swift in Sources */ = {isa = PBXBuildFile; fileRef = 02DA4F7C26943F8E0083052D /* YFAutoSizingTF.swift */; };
		02DA4F7F269441EC0083052D /* YFDribbleAnimatedView.swift in Sources */ = {isa = PBXBuildFile; fileRef = 02DA4F7E269441EC0083052D /* YFDribbleAnimatedView.swift */; };
		02DA4F81269443560083052D /* YFPageControl.swift in Sources */ = {isa = PBXBuildFile; fileRef = 02DA4F80269443560083052D /* YFPageControl.swift */; };
		02DA4F83269444560083052D /* Shap_extension.swift in Sources */ = {isa = PBXBuildFile; fileRef = 02DA4F82269444560083052D /* Shap_extension.swift */; };
		02DA4F85269447720083052D /* YFBlurView.swift in Sources */ = {isa = PBXBuildFile; fileRef = 02DA4F84269447720083052D /* YFBlurView.swift */; };
		02DA4F872694497E0083052D /* String_extension.swift in Sources */ = {isa = PBXBuildFile; fileRef = 02DA4F862694497E0083052D /* String_extension.swift */; };
		02DA4F8926944BE60083052D /* YFTabButton.swift in Sources */ = {isa = PBXBuildFile; fileRef = 02DA4F8826944BE60083052D /* YFTabButton.swift */; };
		02DA4F8B26944D980083052D /* YFWaveFrom.swift in Sources */ = {isa = PBXBuildFile; fileRef = 02DA4F8A26944D980083052D /* YFWaveFrom.swift */; };
		02DA4F8D26944E0B0083052D /* YFRefreshableScrollView.swift in Sources */ = {isa = PBXBuildFile; fileRef = 02DA4F8C26944E0B0083052D /* YFRefreshableScrollView.swift */; };
		02FA20E526DDC10900396A75 /* YFOffsetPageTabView.swift in Sources */ = {isa = PBXBuildFile; fileRef = 02FA20E426DDC10900396A75 /* YFOffsetPageTabView.swift */; };
/* End PBXBuildFile section */

/* Begin PBXFileReference section */
		02DA4F5F269435890083052D /* SwiftUIBaseCategory.app */ = {isa = PBXFileReference; explicitFileType = wrapper.application; includeInIndex = 0; path = SwiftUIBaseCategory.app; sourceTree = BUILT_PRODUCTS_DIR; };
		02DA4F62269435890083052D /* SwiftUIBaseCategoryApp.swift */ = {isa = PBXFileReference; lastKnownFileType = sourcecode.swift; path = SwiftUIBaseCategoryApp.swift; sourceTree = "<group>"; };
		02DA4F64269435890083052D /* ContentView.swift */ = {isa = PBXFileReference; lastKnownFileType = sourcecode.swift; path = ContentView.swift; sourceTree = "<group>"; };
		02DA4F662694358A0083052D /* Assets.xcassets */ = {isa = PBXFileReference; lastKnownFileType = folder.assetcatalog; path = Assets.xcassets; sourceTree = "<group>"; };
		02DA4F692694358A0083052D /* Preview Assets.xcassets */ = {isa = PBXFileReference; lastKnownFileType = folder.assetcatalog; path = "Preview Assets.xcassets"; sourceTree = "<group>"; };
		02DA4F71269435CD0083052D /* Color_extension.swift */ = {isa = PBXFileReference; lastKnownFileType = sourcecode.swift; path = Color_extension.swift; sourceTree = "<group>"; };
		02DA4F7726943C180083052D /* Macro_base.swift */ = {isa = PBXFileReference; lastKnownFileType = sourcecode.swift; path = Macro_base.swift; sourceTree = "<group>"; };
		02DA4F7926943EAF0083052D /* View_extension.swift */ = {isa = PBXFileReference; lastKnownFileType = sourcecode.swift; path = View_extension.swift; sourceTree = "<group>"; };
		02DA4F7C26943F8E0083052D /* YFAutoSizingTF.swift */ = {isa = PBXFileReference; lastKnownFileType = sourcecode.swift; path = YFAutoSizingTF.swift; sourceTree = "<group>"; };
		02DA4F7E269441EC0083052D /* YFDribbleAnimatedView.swift */ = {isa = PBXFileReference; lastKnownFileType = sourcecode.swift; path = YFDribbleAnimatedView.swift; sourceTree = "<group>"; };
		02DA4F80269443560083052D /* YFPageControl.swift */ = {isa = PBXFileReference; lastKnownFileType = sourcecode.swift; path = YFPageControl.swift; sourceTree = "<group>"; };
		02DA4F82269444560083052D /* Shap_extension.swift */ = {isa = PBXFileReference; lastKnownFileType = sourcecode.swift; path = Shap_extension.swift; sourceTree = "<group>"; };
		02DA4F84269447720083052D /* YFBlurView.swift */ = {isa = PBXFileReference; lastKnownFileType = sourcecode.swift; path = YFBlurView.swift; sourceTree = "<group>"; };
		02DA4F862694497E0083052D /* String_extension.swift */ = {isa = PBXFileReference; lastKnownFileType = sourcecode.swift; path = String_extension.swift; sourceTree = "<group>"; };
		02DA4F8826944BE60083052D /* YFTabButton.swift */ = {isa = PBXFileReference; lastKnownFileType = sourcecode.swift; path = YFTabButton.swift; sourceTree = "<group>"; };
		02DA4F8A26944D980083052D /* YFWaveFrom.swift */ = {isa = PBXFileReference; lastKnownFileType = sourcecode.swift; path = YFWaveFrom.swift; sourceTree = "<group>"; };
		02DA4F8C26944E0B0083052D /* YFRefreshableScrollView.swift */ = {isa = PBXFileReference; lastKnownFileType = sourcecode.swift; path = YFRefreshableScrollView.swift; sourceTree = "<group>"; };
		02FA20E426DDC10900396A75 /* YFOffsetPageTabView.swift */ = {isa = PBXFileReference; fileEncoding = 4; lastKnownFileType = sourcecode.swift; path = YFOffsetPageTabView.swift; sourceTree = "<group>"; };
/* End PBXFileReference section */

/* Begin PBXFrameworksBuildPhase section */
		02DA4F5C269435890083052D /* Frameworks */ = {
			isa = PBXFrameworksBuildPhase;
			buildActionMask = 2147483647;
			files = (
			);
			runOnlyForDeploymentPostprocessing = 0;
		};
/* End PBXFrameworksBuildPhase section */

/* Begin PBXGroup section */
		02DA4F56269435890083052D = {
			isa = PBXGroup;
			children = (
				02DA4F61269435890083052D /* SwiftUIBaseCategory */,
				02DA4F60269435890083052D /* Products */,
			);
			sourceTree = "<group>";
		};
		02DA4F60269435890083052D /* Products */ = {
			isa = PBXGroup;
			children = (
				02DA4F5F269435890083052D /* SwiftUIBaseCategory.app */,
			);
			name = Products;
			sourceTree = "<group>";
		};
		02DA4F61269435890083052D /* SwiftUIBaseCategory */ = {
			isa = PBXGroup;
			children = (
				02DA4F7B26943F5F0083052D /* CustomView */,
				02DA4F7626943BF90083052D /* Macro */,
				02DA4F70269435A40083052D /* Extension */,
				02DA4F62269435890083052D /* SwiftUIBaseCategoryApp.swift */,
				02DA4F64269435890083052D /* ContentView.swift */,
				02DA4F662694358A0083052D /* Assets.xcassets */,
				02DA4F682694358A0083052D /* Preview Content */,
			);
			path = SwiftUIBaseCategory;
			sourceTree = "<group>";
		};
		02DA4F682694358A0083052D /* Preview Content */ = {
			isa = PBXGroup;
			children = (
				02DA4F692694358A0083052D /* Preview Assets.xcassets */,
			);
			path = "Preview Content";
			sourceTree = "<group>";
		};
		02DA4F70269435A40083052D /* Extension */ = {
			isa = PBXGroup;
			children = (
				02DA4F71269435CD0083052D /* Color_extension.swift */,
				02DA4F7926943EAF0083052D /* View_extension.swift */,
				02DA4F82269444560083052D /* Shap_extension.swift */,
				02DA4F862694497E0083052D /* String_extension.swift */,
			);
			path = Extension;
			sourceTree = "<group>";
		};
		02DA4F7626943BF90083052D /* Macro */ = {
			isa = PBXGroup;
			children = (
				02DA4F7726943C180083052D /* Macro_base.swift */,
			);
			path = Macro;
			sourceTree = "<group>";
		};
		02DA4F7B26943F5F0083052D /* CustomView */ = {
			isa = PBXGroup;
			children = (
				02FA20E426DDC10900396A75 /* YFOffsetPageTabView.swift */,
				02DA4F7C26943F8E0083052D /* YFAutoSizingTF.swift */,
				02DA4F7E269441EC0083052D /* YFDribbleAnimatedView.swift */,
				02DA4F80269443560083052D /* YFPageControl.swift */,
				02DA4F84269447720083052D /* YFBlurView.swift */,
				02DA4F8826944BE60083052D /* YFTabButton.swift */,
				02DA4F8A26944D980083052D /* YFWaveFrom.swift */,
				02DA4F8C26944E0B0083052D /* YFRefreshableScrollView.swift */,
			);
			path = CustomView;
			sourceTree = "<group>";
		};
/* End PBXGroup section */

/* Begin PBXNativeTarget section */
		02DA4F5E269435890083052D /* SwiftUIBaseCategory */ = {
			isa = PBXNativeTarget;
			buildConfigurationList = 02DA4F6D2694358A0083052D /* Build configuration list for PBXNativeTarget "SwiftUIBaseCategory" */;
			buildPhases = (
				02DA4F5B269435890083052D /* Sources */,
				02DA4F5C269435890083052D /* Frameworks */,
				02DA4F5D269435890083052D /* Resources */,
			);
			buildRules = (
			);
			dependencies = (
			);
			name = SwiftUIBaseCategory;
			productName = SwiftUIBaseCategory;
			productReference = 02DA4F5F269435890083052D /* SwiftUIBaseCategory.app */;
			productType = "com.apple.product-type.application";
		};
/* End PBXNativeTarget section */

/* Begin PBXProject section */
		02DA4F57269435890083052D /* Project object */ = {
			isa = PBXProject;
			attributes = {
				BuildIndependentTargetsInParallel = 1;
				CLASSPREFIX = YF;
				LastSwiftUpdateCheck = 1300;
				LastUpgradeCheck = 1300;
				TargetAttributes = {
					02DA4F5E269435890083052D = {
						CreatedOnToolsVersion = 13.0;
					};
				};
			};
			buildConfigurationList = 02DA4F5A269435890083052D /* Build configuration list for PBXProject "SwiftUIBaseCategory" */;
			compatibilityVersion = "Xcode 13.0";
			developmentRegion = en;
			hasScannedForEncodings = 0;
			knownRegions = (
				en,
				Base,
			);
			mainGroup = 02DA4F56269435890083052D;
			productRefGroup = 02DA4F60269435890083052D /* Products */;
			projectDirPath = "";
			projectRoot = "";
			targets = (
				02DA4F5E269435890083052D /* SwiftUIBaseCategory */,
			);
		};
/* End PBXProject section */

/* Begin PBXResourcesBuildPhase section */
		02DA4F5D269435890083052D /* Resources */ = {
			isa = PBXResourcesBuildPhase;
			buildActionMask = 2147483647;
			files = (
				02DA4F6A2694358A0083052D /* Preview Assets.xcassets in Resources */,
				02DA4F672694358A0083052D /* Assets.xcassets in Resources */,
			);
			runOnlyForDeploymentPostprocessing = 0;
		};
/* End PBXResourcesBuildPhase section */

/* Begin PBXSourcesBuildPhase section */
		02DA4F5B269435890083052D /* Sources */ = {
			isa = PBXSourcesBuildPhase;
			buildActionMask = 2147483647;
			files = (
				02DA4F8D26944E0B0083052D /* YFRefreshableScrollView.swift in Sources */,
				02DA4F65269435890083052D /* ContentView.swift in Sources */,
				02DA4F63269435890083052D /* SwiftUIBaseCategoryApp.swift in Sources */,
				02DA4F8B26944D980083052D /* YFWaveFrom.swift in Sources */,
				02DA4F7F269441EC0083052D /* YFDribbleAnimatedView.swift in Sources */,
				02DA4F81269443560083052D /* YFPageControl.swift in Sources */,
				02DA4F85269447720083052D /* YFBlurView.swift in Sources */,
				02DA4F83269444560083052D /* Shap_extension.swift in Sources */,
				02DA4F8926944BE60083052D /* YFTabButton.swift in Sources */,
				02DA4F7A26943EAF0083052D /* View_extension.swift in Sources */,
				02DA4F72269435CD0083052D /* Color_extension.swift in Sources */,
				02DA4F7826943C180083052D /* Macro_base.swift in Sources */,
				02FA20E526DDC10900396A75 /* YFOffsetPageTabView.swift in Sources */,
				02DA4F7D26943F8E0083052D /* YFAutoSizingTF.swift in Sources */,
				02DA4F872694497E0083052D /* String_extension.swift in Sources */,
			);
			runOnlyForDeploymentPostprocessing = 0;
		};
/* End PBXSourcesBuildPhase section */

/* Begin XCBuildConfiguration section */
		02DA4F6B2694358A0083052D /* Debug */ = {
			isa = XCBuildConfiguration;
			buildSettings = {
				ALWAYS_SEARCH_USER_PATHS = NO;
				CLANG_ANALYZER_NONNULL = YES;
				CLANG_ANALYZER_NUMBER_OBJECT_CONVERSION = YES_AGGRESSIVE;
				CLANG_CXX_LANGUAGE_STANDARD = "gnu++14";
				CLANG_CXX_LIBRARY = "libc++";
				CLANG_ENABLE_MODULES = YES;
				CLANG_ENABLE_OBJC_ARC = YES;
				CLANG_ENABLE_OBJC_WEAK = YES;
				CLANG_WARN_BLOCK_CAPTURE_AUTORELEASING = YES;
				CLANG_WARN_BOOL_CONVERSION = YES;
				CLANG_WARN_COMMA = YES;
				CLANG_WARN_CONSTANT_CONVERSION = YES;
				CLANG_WARN_DEPRECATED_OBJC_IMPLEMENTATIONS = YES;
				CLANG_WARN_DIRECT_OBJC_ISA_USAGE = YES_ERROR;
				CLANG_WARN_DOCUMENTATION_COMMENTS = YES;
				CLANG_WARN_EMPTY_BODY = YES;
				CLANG_WARN_ENUM_CONVERSION = YES;
				CLANG_WARN_INFINITE_RECURSION = YES;
				CLANG_WARN_INT_CONVERSION = YES;
				CLANG_WARN_NON_LITERAL_NULL_CONVERSION = YES;
				CLANG_WARN_OBJC_IMPLICIT_RETAIN_SELF = YES;
				CLANG_WARN_OBJC_LITERAL_CONVERSION = YES;
				CLANG_WARN_OBJC_ROOT_CLASS = YES_ERROR;
				CLANG_WARN_QUOTED_INCLUDE_IN_FRAMEWORK_HEADER = YES;
				CLANG_WARN_RANGE_LOOP_ANALYSIS = YES;
				CLANG_WARN_STRICT_PROTOTYPES = YES;
				CLANG_WARN_SUSPICIOUS_MOVE = YES;
				CLANG_WARN_UNGUARDED_AVAILABILITY = YES_AGGRESSIVE;
				CLANG_WARN_UNREACHABLE_CODE = YES;
				CLANG_WARN__DUPLICATE_METHOD_MATCH = YES;
				COPY_PHASE_STRIP = NO;
				DEBUG_INFORMATION_FORMAT = dwarf;
				ENABLE_STRICT_OBJC_MSGSEND = YES;
				ENABLE_TESTABILITY = YES;
				GCC_C_LANGUAGE_STANDARD = gnu11;
				GCC_DYNAMIC_NO_PIC = NO;
				GCC_NO_COMMON_BLOCKS = YES;
				GCC_OPTIMIZATION_LEVEL = 0;
				GCC_PREPROCESSOR_DEFINITIONS = (
					"DEBUG=1",
					"$(inherited)",
				);
				GCC_WARN_64_TO_32_BIT_CONVERSION = YES;
				GCC_WARN_ABOUT_RETURN_TYPE = YES_ERROR;
				GCC_WARN_UNDECLARED_SELECTOR = YES;
				GCC_WARN_UNINITIALIZED_AUTOS = YES_AGGRESSIVE;
				GCC_WARN_UNUSED_FUNCTION = YES;
				GCC_WARN_UNUSED_VARIABLE = YES;
				IPHONEOS_DEPLOYMENT_TARGET = 15.0;
				MTL_ENABLE_DEBUG_INFO = INCLUDE_SOURCE;
				MTL_FAST_MATH = YES;
				ONLY_ACTIVE_ARCH = YES;
				SDKROOT = iphoneos;
				SWIFT_ACTIVE_COMPILATION_CONDITIONS = DEBUG;
				SWIFT_OPTIMIZATION_LEVEL = "-Onone";
			};
			name = Debug;
		};
		02DA4F6C2694358A0083052D /* Release */ = {
			isa = XCBuildConfiguration;
			buildSettings = {
				ALWAYS_SEARCH_USER_PATHS = NO;
				CLANG_ANALYZER_NONNULL = YES;
				CLANG_ANALYZER_NUMBER_OBJECT_CONVERSION = YES_AGGRESSIVE;
				CLANG_CXX_LANGUAGE_STANDARD = "gnu++14";
				CLANG_CXX_LIBRARY = "libc++";
				CLANG_ENABLE_MODULES = YES;
				CLANG_ENABLE_OBJC_ARC = YES;
				CLANG_ENABLE_OBJC_WEAK = YES;
				CLANG_WARN_BLOCK_CAPTURE_AUTORELEASING = YES;
				CLANG_WARN_BOOL_CONVERSION = YES;
				CLANG_WARN_COMMA = YES;
				CLANG_WARN_CONSTANT_CONVERSION = YES;
				CLANG_WARN_DEPRECATED_OBJC_IMPLEMENTATIONS = YES;
				CLANG_WARN_DIRECT_OBJC_ISA_USAGE = YES_ERROR;
				CLANG_WARN_DOCUMENTATION_COMMENTS = YES;
				CLANG_WARN_EMPTY_BODY = YES;
				CLANG_WARN_ENUM_CONVERSION = YES;
				CLANG_WARN_INFINITE_RECURSION = YES;
				CLANG_WARN_INT_CONVERSION = YES;
				CLANG_WARN_NON_LITERAL_NULL_CONVERSION = YES;
				CLANG_WARN_OBJC_IMPLICIT_RETAIN_SELF = YES;
				CLANG_WARN_OBJC_LITERAL_CONVERSION = YES;
				CLANG_WARN_OBJC_ROOT_CLASS = YES_ERROR;
				CLANG_WARN_QUOTED_INCLUDE_IN_FRAMEWORK_HEADER = YES;
				CLANG_WARN_RANGE_LOOP_ANALYSIS = YES;
				CLANG_WARN_STRICT_PROTOTYPES = YES;
				CLANG_WARN_SUSPICIOUS_MOVE = YES;
				CLANG_WARN_UNGUARDED_AVAILABILITY = YES_AGGRESSIVE;
				CLANG_WARN_UNREACHABLE_CODE = YES;
				CLANG_WARN__DUPLICATE_METHOD_MATCH = YES;
				COPY_PHASE_STRIP = NO;
				DEBUG_INFORMATION_FORMAT = "dwarf-with-dsym";
				ENABLE_NS_ASSERTIONS = NO;
				ENABLE_STRICT_OBJC_MSGSEND = YES;
				GCC_C_LANGUAGE_STANDARD = gnu11;
				GCC_NO_COMMON_BLOCKS = YES;
				GCC_WARN_64_TO_32_BIT_CONVERSION = YES;
				GCC_WARN_ABOUT_RETURN_TYPE = YES_ERROR;
				GCC_WARN_UNDECLARED_SELECTOR = YES;
				GCC_WARN_UNINITIALIZED_AUTOS = YES_AGGRESSIVE;
				GCC_WARN_UNUSED_FUNCTION = YES;
				GCC_WARN_UNUSED_VARIABLE = YES;
				IPHONEOS_DEPLOYMENT_TARGET = 15.0;
				MTL_ENABLE_DEBUG_INFO = NO;
				MTL_FAST_MATH = YES;
				SDKROOT = iphoneos;
				SWIFT_COMPILATION_MODE = wholemodule;
				SWIFT_OPTIMIZATION_LEVEL = "-O";
				VALIDATE_PRODUCT = YES;
			};
			name = Release;
		};
		02DA4F6E2694358A0083052D /* Debug */ = {
			isa = XCBuildConfiguration;
			buildSettings = {
				ASSETCATALOG_COMPILER_APPICON_NAME = AppIcon;
				ASSETCATALOG_COMPILER_GLOBAL_ACCENT_COLOR_NAME = AccentColor;
				CODE_SIGN_STYLE = Automatic;
				CURRENT_PROJECT_VERSION = 1;
				DEVELOPMENT_ASSET_PATHS = "\"SwiftUIBaseCategory/Preview Content\"";
				DEVELOPMENT_TEAM = Z24MR455SQ;
				ENABLE_PREVIEWS = YES;
				GENERATE_INFOPLIST_FILE = YES;
				INFOPLIST_KEY_UIApplicationSceneManifest_Generation = YES;
				INFOPLIST_KEY_UIApplicationSupportsIndirectInputEvents = YES;
				INFOPLIST_KEY_UILaunchScreen_Generation = YES;
				INFOPLIST_KEY_UISupportedInterfaceOrientations_iPad = "UIInterfaceOrientationPortrait UIInterfaceOrientationPortraitUpsideDown UIInterfaceOrientationLandscapeLeft UIInterfaceOrientationLandscapeRight";
				INFOPLIST_KEY_UISupportedInterfaceOrientations_iPhone = "UIInterfaceOrientationPortrait UIInterfaceOrientationLandscapeLeft UIInterfaceOrientationLandscapeRight";
				IPHONEOS_DEPLOYMENT_TARGET = 15.0;
				LD_RUNPATH_SEARCH_PATHS = (
					"$(inherited)",
					"@executable_path/Frameworks",
				);
				MARKETING_VERSION = 1.0;
				PRODUCT_BUNDLE_IDENTIFIER = zyf.SwiftUIBaseCategory;
				PRODUCT_NAME = "$(TARGET_NAME)";
				SWIFT_EMIT_LOC_STRINGS = YES;
				SWIFT_VERSION = 5.0;
				TARGETED_DEVICE_FAMILY = "1,2";
			};
			name = Debug;
		};
		02DA4F6F2694358A0083052D /* Release */ = {
			isa = XCBuildConfiguration;
			buildSettings = {
				ASSETCATALOG_COMPILER_APPICON_NAME = AppIcon;
				ASSETCATALOG_COMPILER_GLOBAL_ACCENT_COLOR_NAME = AccentColor;
				CODE_SIGN_STYLE = Automatic;
				CURRENT_PROJECT_VERSION = 1;
				DEVELOPMENT_ASSET_PATHS = "\"SwiftUIBaseCategory/Preview Content\"";
				DEVELOPMENT_TEAM = Z24MR455SQ;
				ENABLE_PREVIEWS = YES;
				GENERATE_INFOPLIST_FILE = YES;
				INFOPLIST_KEY_UIApplicationSceneManifest_Generation = YES;
				INFOPLIST_KEY_UIApplicationSupportsIndirectInputEvents = YES;
				INFOPLIST_KEY_UILaunchScreen_Generation = YES;
				INFOPLIST_KEY_UISupportedInterfaceOrientations_iPad = "UIInterfaceOrientationPortrait UIInterfaceOrientationPortraitUpsideDown UIInterfaceOrientationLandscapeLeft UIInterfaceOrientationLandscapeRight";
				INFOPLIST_KEY_UISupportedInterfaceOrientations_iPhone = "UIInterfaceOrientationPortrait UIInterfaceOrientationLandscapeLeft UIInterfaceOrientationLandscapeRight";
				IPHONEOS_DEPLOYMENT_TARGET = 15.0;
				LD_RUNPATH_SEARCH_PATHS = (
					"$(inherited)",
					"@executable_path/Frameworks",
				);
				MARKETING_VERSION = 1.0;
				PRODUCT_BUNDLE_IDENTIFIER = zyf.SwiftUIBaseCategory;
				PRODUCT_NAME = "$(TARGET_NAME)";
				SWIFT_EMIT_LOC_STRINGS = YES;
				SWIFT_VERSION = 5.0;
				TARGETED_DEVICE_FAMILY = "1,2";
			};
			name = Release;
		};
/* End XCBuildConfiguration section */

/* Begin XCConfigurationList section */
		02DA4F5A269435890083052D /* Build configuration list for PBXProject "SwiftUIBaseCategory" */ = {
			isa = XCConfigurationList;
			buildConfigurations = (
				02DA4F6B2694358A0083052D /* Debug */,
				02DA4F6C2694358A0083052D /* Release */,
			);
			defaultConfigurationIsVisible = 0;
			defaultConfigurationName = Release;
		};
		02DA4F6D2694358A0083052D /* Build configuration list for PBXNativeTarget "SwiftUIBaseCategory" */ = {
			isa = XCConfigurationList;
			buildConfigurations = (
				02DA4F6E2694358A0083052D /* Debug */,
				02DA4F6F2694358A0083052D /* Release */,
			);
			defaultConfigurationIsVisible = 0;
			defaultConfigurationName = Release;
		};
/* End XCConfigurationList section */
	};
	rootObject = 02DA4F57269435890083052D /* Project object */;
}
